
Microsoft Visual Studio Solution File, Format Version 12.00
# Visual Studio 2015
Project("{FAE04EC0-301F-11D3-BF4B-00C04F79EFBC}") = "Angie.CSharp.Plugins", "Angie.CSharp.Plugins.csproj", "{87B7D999-E4DB-387D-440D-723E77ECB40A}"
EndProject
Project("{FAE04EC0-301F-11D3-BF4B-00C04F79EFBC}") = "Angie.CSharp", "Angie.CSharp.csproj", "{10CFED7F-45C8-DB2B-6B49-B311C40592D4}"
EndProject
Project("{FAE04EC0-301F-11D3-BF4B-00C04F79EFBC}") = "Angie.CSharp.Editor", "Angie.CSharp.Editor.csproj", "{4CC7EA2F-0204-CF58-DF2D-76E0C37E2ED9}"
EndProject
Global
	GlobalSection(SolutionConfigurationPlatforms) = preSolution
		Debug|Any CPU = Debug|Any CPU
		Release|Any CPU = Release|Any CPU
	EndGlobalSection
	GlobalSection(ProjectConfigurationPlatforms) = postSolution
		{87B7D999-E4DB-387D-440D-723E77ECB40A}.Debug|Any CPU.ActiveCfg = Debug|Any CPU
		{87B7D999-E4DB-387D-440D-723E77ECB40A}.Debug|Any CPU.Build.0 = Debug|Any CPU
		{87B7D999-E4DB-387D-440D-723E77ECB40A}.Release|Any CPU.ActiveCfg = Release|Any CPU
		{87B7D999-E4DB-387D-440D-723E77ECB40A}.Release|Any CPU.Build.0 = Release|Any CPU
		{10CFED7F-45C8-DB2B-6B49-B311C40592D4}.Debug|Any CPU.ActiveCfg = Debug|Any CPU
		{10CFED7F-45C8-DB2B-6B49-B311C40592D4}.Debug|Any CPU.Build.0 = Debug|Any CPU
		{10CFED7F-45C8-DB2B-6B49-B311C40592D4}.Release|Any CPU.ActiveCfg = Release|Any CPU
		{10CFED7F-45C8-DB2B-6B49-B311C40592D4}.Release|Any CPU.Build.0 = Release|Any CPU
		{4CC7EA2F-0204-CF58-DF2D-76E0C37E2ED9}.Debug|Any CPU.ActiveCfg = Debug|Any CPU
		{4CC7EA2F-0204-CF58-DF2D-76E0C37E2ED9}.Debug|Any CPU.Build.0 = Debug|Any CPU
		{4CC7EA2F-0204-CF58-DF2D-76E0C37E2ED9}.Release|Any CPU.ActiveCfg = Release|Any CPU
		{4CC7EA2F-0204-CF58-DF2D-76E0C37E2ED9}.Release|Any CPU.Build.0 = Release|Any CPU
	EndGlobalSection
	GlobalSection(SolutionProperties) = preSolution
		HideSolutionNode = FALSE
	EndGlobalSection
EndGlobal
